
Microsoft Visual Studio Solution File, Format Version 12.00
# Visual Studio 15
VisualStudioVersion = 15.0.27004.2010
MinimumVisualStudioVersion = 10.0.40219.1
Project("{8BC9CEB8-8B4A-11D0-8D11-00A0C91BC942}") = "Flocking-Yaowen-Zhang", "Flocking-Yaowen-Zhang.vcxproj", "{CABA7859-EBEC-49CF-9638-C87F95DEB450}"
EndProject
Global
	GlobalSection(SolutionConfigurationPlatforms) = preSolution
		Debug|x64 = Debug|x64
		Debug|x86 = Debug|x86
		Release|x64 = Release|x64
		Release|x86 = Release|x86
	EndGlobalSection
	GlobalSection(ProjectConfigurationPlatforms) = postSolution
		{CABA7859-EBEC-49CF-9638-C87F95DEB450}.Debug|x64.ActiveCfg = Debug|x64
		{CABA7859-EBEC-49CF-9638-C87F95DEB450}.Debug|x64.Build.0 = Debug|x64
		{CABA7859-EBEC-49CF-9638-C87F95DEB450}.Debug|x86.ActiveCfg = Debug|Win32
		{CABA7859-EBEC-49CF-9638-C87F95DEB450}.Debug|x86.Build.0 = Debug|Win32
		{CABA7859-EBEC-49CF-9638-C87F95DEB450}.Release|x64.ActiveCfg = Release|x64
		{CABA7859-EBEC-49CF-9638-C87F95DEB450}.Release|x64.Build.0 = Release|x64
		{CABA7859-EBEC-49CF-9638-C87F95DEB450}.Release|x86.ActiveCfg = Release|Win32
		{CABA7859-EBEC-49CF-9638-C87F95DEB450}.Release|x86.Build.0 = Release|Win32
	EndGlobalSection
	GlobalSection(SolutionProperties) = preSolution
		HideSolutionNode = FALSE
	EndGlobalSection
	GlobalSection(ExtensibilityGlobals) = postSolution
		SolutionGuid = {88A130AB-F7BB-46DC-8763-178419878098}
	EndGlobalSection
EndGlobal
